
Microsoft Visual Studio Solution File, Format Version 12.00
# Visual Studio Version 17
VisualStudioVersion = 17.3.32922.545
MinimumVisualStudioVersion = 10.0.40219.1
Project("{FAE04EC0-301F-11D3-BF4B-00C04F79EFBC}") = "WebApiFinal-EspinozaZarate,MariaJulia", "WebApiFinal-EspinozaZarate,MariaJulia\WebApiFinal-EspinozaZarate,MariaJulia.csproj", "{98952B71-B4F6-499F-B843-E414EE3B08E3}"
EndProject
Global
	GlobalSection(SolutionConfigurationPlatforms) = preSolution
		Debug|Any CPU = Debug|Any CPU
		Release|Any CPU = Release|Any CPU
	EndGlobalSection
	GlobalSection(ProjectConfigurationPlatforms) = postSolution
		{98952B71-B4F6-499F-B843-E414EE3B08E3}.Debug|Any CPU.ActiveCfg = Debug|Any CPU
		{98952B71-B4F6-499F-B843-E414EE3B08E3}.Debug|Any CPU.Build.0 = Debug|Any CPU
		{98952B71-B4F6-499F-B843-E414EE3B08E3}.Release|Any CPU.ActiveCfg = Release|Any CPU
		{98952B71-B4F6-499F-B843-E414EE3B08E3}.Release|Any CPU.Build.0 = Release|Any CPU
	EndGlobalSection
	GlobalSection(SolutionProperties) = preSolution
		HideSolutionNode = FALSE
	EndGlobalSection
	GlobalSection(ExtensibilityGlobals) = postSolution
		SolutionGuid = {937753F8-59A1-4167-ACFB-5F8C7CD24540}
	EndGlobalSection
EndGlobal
